{
  "name": "dance-miniapp",
  "version": "1.0.0",
  "lockfileVersion": 3,
  "requires": true,
  "packages": {
    "": {
      "name": "dance-miniapp",
      "version": "1.0.0",
      "dependencies": {
        "@dcloudio/uni-app": "3.0.0-4020920240930001",
        "@dcloudio/uni-components": "3.0.0-4020920240930001",
        "@dcloudio/uni-h5": "3.0.0-4020920240930001",
        "@dcloudio/uni-mp-weixin": "3.0.0-4020920240930001",
        "pinia": "^2.1.7",
        "vue": "^3.4.21"
      },
      "devDependencies": {
        "@dcloudio/types": "^3.4.8",
        "@dcloudio/uni-automator": "3.0.0-4020920240930001",
        "@dcloudio/uni-cli-shared": "3.0.0-4020920240930001",
        "@dcloudio/uni-stacktracey": "3.0.0-4020920240930001",
        "@dcloudio/vite-plugin-uni": "3.0.0-4020920240930001",
        "@types/node": "^20.11.0",
        "sass": "^1.72.0",
        "typescript": "^5.4.5",
        "vite": "^5.2.8",
        "vue-tsc": "^2.0.0"
      }
    },
    "../../node_modules/.pnpm/@dcloudio+types@3.4.32/node_modules/@dcloudio/types": {
      "version": "3.4.32",
      "dev": true,
      "license": "Apache-2.0",
      "devDependencies": {
        "@definitelytyped/dtslint": "^0.0.115",
        "miniprogram-api-typings": "4.1.2",
        "ts-morph": "^17.0.1",
        "tslint": "^5.14.0",
        "typescript": "5.0.4",
        "vue": "2.6"
      }
    },
    "../../node_modules/.pnpm/@dcloudio+uni-app@3.0.0-4020920240930001_@dcloudio+types@3.4.32_@vueuse+core@14.3.0_vue_af6145d14a3cbedf242f90aa870105ef/node_modules/@dcloudio/uni-app": {
      "version": "3.0.0-4020920240930001",
      "license": "Apache-2.0",
      "dependencies": {
        "@dcloudio/uni-cloud": "3.0.0-4020920240930001",
        "@dcloudio/uni-components": "3.0.0-4020920240930001",
        "@dcloudio/uni-i18n": "3.0.0-4020920240930001",
        "@dcloudio/uni-push": "3.0.0-4020920240930001",
        "@dcloudio/uni-shared": "3.0.0-4020920240930001",
        "@dcloudio/uni-stat": "3.0.0-4020920240930001",
        "@vue/shared": "3.4.21"
      },
      "peerDependencies": {
        "@dcloudio/types": "^3.4.11"
      }
    },
    "../../node_modules/.pnpm/@dcloudio+uni-automator@3.0.0-4020920240930001_@vueuse+core@14.3.0_vue@3.5.39_typescrip_361d9bc1595357c2feb6571a60214d9b/node_modules/@dcloudio/uni-automator": {
      "version": "3.0.0-4020920240930001",
      "dev": true,
      "license": "Apache-2.0",
      "dependencies": {
        "@dcloudio/uni-cli-shared": "3.0.0-4020920240930001",
        "address": "^1.1.2",
        "cross-env": "^7.0.3",
        "debug": "^4.3.3",
        "default-gateway": "^6.0.3",
        "fs-extra": "^10.0.0",
        "jsonc-parser": "^3.2.0",
        "licia": "^1.29.0",
        "merge": "^2.1.1",
        "qrcode-reader": "^1.0.4",
        "qrcode-terminal": "^0.12.0",
        "ws": "^8.4.2"
      },
      "devDependencies": {
        "@types/debug": "^4.1.7",
        "@types/fs-extra": "^9.0.13"
      },
      "peerDependencies": {
        "jest": "27.0.4",
        "jest-environment-node": "27.5.1"
      }
    },
    "../../node_modules/.pnpm/@dcloudio+uni-cli-shared@3.0.0-4020920240930001_@vueuse+core@14.3.0_vue@3.5.39_typescri_da6356379aacb3e6a9fec9867d008aef/node_modules/@dcloudio/uni-cli-shared": {
      "version": "3.0.0-4020920240930001",
      "dev": true,
      "license": "Apache-2.0",
      "dependencies": {
        "@ampproject/remapping": "^2.1.2",
        "@babel/code-frame": "^7.23.5",
        "@babel/core": "^7.23.3",
        "@babel/parser": "^7.23.9",
        "@babel/types": "^7.20.7",
        "@dcloudio/uni-i18n": "3.0.0-4020920240930001",
        "@dcloudio/uni-shared": "3.0.0-4020920240930001",
        "@intlify/core-base": "9.1.9",
        "@intlify/shared": "9.1.9",
        "@intlify/vue-devtools": "9.1.9",
        "@rollup/pluginutils": "^5.0.5",
        "@vue/compiler-core": "3.4.21",
        "@vue/compiler-dom": "3.4.21",
        "@vue/compiler-sfc": "3.4.21",
        "@vue/compiler-ssr": "3.4.21",
        "@vue/server-renderer": "3.4.21",
        "@vue/shared": "3.4.21",
        "adm-zip": "^0.5.12",
        "autoprefixer": "^10.4.19",
        "base64url": "^3.0.1",
        "chokidar": "^3.5.3",
        "compare-versions": "^3.6.0",
        "debug": "^4.3.3",
        "es-module-lexer": "^1.2.1",
        "esbuild": "^0.20.1",
        "estree-walker": "^2.0.2",
        "fast-glob": "^3.2.11",
        "fs-extra": "^10.0.0",
        "hash-sum": "^2.0.0",
        "isbinaryfile": "^5.0.2",
        "jsonc-parser": "^3.2.0",
        "lines-and-columns": "^2.0.4",
        "magic-string": "^0.30.7",
        "merge": "^2.1.1",
        "mime": "^3.0.0",
        "module-alias": "^2.2.2",
        "os-locale-s-fix": "^1.0.8-fix-1",
        "picocolors": "^1.0.0",
        "postcss-import": "^14.0.2",
        "postcss-load-config": "^3.1.1",
        "postcss-modules": "^4.3.0",
        "postcss-selector-parser": "^6.0.6",
        "resolve": "^1.22.1",
        "source-map-js": "^1.0.2",
        "tapable": "^2.2.0",
        "unplugin-auto-import": "^0.16.7",
        "xregexp": "3.1.0"
      },
      "devDependencies": {
        "@dcloudio/uni-uts-v1": "3.0.0-4020920240930001",
        "@types/adm-zip": "^0.5.5",
        "@types/babel__code-frame": "^7.0.6",
        "@types/babel__core": "^7.1.19",
        "@types/debug": "^4.1.7",
        "@types/estree": "^1.0.5",
        "@types/fs-extra": "^9.0.13",
        "@types/hash-sum": "^1.0.0",
        "@types/less": "^3.0.3",
        "@types/mime": "^2.0.3",
        "@types/module-alias": "^2.0.4",
        "@types/resolve": "^1.20.2",
        "@types/sass": "^1.43.1",
        "@types/stylus": "^0.48.36",
        "code-frame": "link:@types/@babel/code-frame",
        "postcss": "^8.4.21",
        "unimport": "^3.9.0",
        "vue": "3.4.21"
      },
      "engines": {
        "node": "^14.18.0 || >=16.0.0"
      }
    },
    "../../node_modules/.pnpm/@dcloudio+uni-components@3.0.0-4020920240930001_@vueuse+core@14.3.0_vue@3.5.39_typescri_1045e03ddc79358b769406051e7e7a3f/node_modules/@dcloudio/uni-components": {
      "version": "3.0.0-4020920240930001",
      "license": "Apache-2.0",
      "dependencies": {
        "@dcloudio/uni-cloud": "3.0.0-4020920240930001",
        "@dcloudio/uni-h5": "3.0.0-4020920240930001",
        "@dcloudio/uni-i18n": "3.0.0-4020920240930001"
      },
      "devDependencies": {
        "@dcloudio/uni-shared": "3.0.0-4020920240930001",
        "@types/quill": "1.3.10"
      }
    },
    "../../node_modules/.pnpm/@dcloudio+uni-h5@3.0.0-4020920240930001_@vueuse+core@14.3.0_vue@3.5.39_typescript@5.4.5_ef5e73b91830021a6c2275c20227f36b/node_modules/@dcloudio/uni-h5": {
      "version": "3.0.0-4020920240930001",
      "license": "Apache-2.0",
      "dependencies": {
        "@dcloudio/uni-h5-vite": "3.0.0-4020920240930001",
        "@dcloudio/uni-h5-vue": "3.0.0-4020920240930001",
        "@dcloudio/uni-i18n": "3.0.0-4020920240930001",
        "@dcloudio/uni-shared": "3.0.0-4020920240930001",
        "@vue/server-renderer": "3.4.21",
        "@vue/shared": "3.4.21",
        "debug": "^4.3.3",
        "localstorage-polyfill": "^1.0.1",
        "postcss-selector-parser": "^6.0.6",
        "safe-area-insets": "^1.4.1",
        "vue-router": "^4.3.0",
        "xmlhttprequest": "^1.8.0"
      },
      "devDependencies": {
        "@amap/amap-jsapi-types": "^0.0.8",
        "@dcloudio/uni-cli-shared": "3.0.0-4020920240930001",
        "@types/estree": "^1.0.5",
        "@types/google.maps": "^3.45.6",
        "acorn-loose": "^8.2.1",
        "acorn-walk": "^8.2.0",
        "estree-walker": "^2.0.2",
        "fast-glob": "^3.2.11",
        "fs-extra": "^10.0.0",
        "vue": "3.4.21"
      }
    },
    "../../node_modules/.pnpm/@dcloudio+uni-mp-weixin@3.0.0-4020920240930001_@vueuse+core@14.3.0_vue@3.5.39_typescrip_d1b0c88ab56965b9807d2bb9be0c8ff3/node_modules/@dcloudio/uni-mp-weixin": {
      "version": "3.0.0-4020920240930001",
      "license": "Apache-2.0",
      "dependencies": {
        "@dcloudio/uni-cli-shared": "3.0.0-4020920240930001",
        "@dcloudio/uni-mp-vite": "3.0.0-4020920240930001",
        "@dcloudio/uni-mp-vue": "3.0.0-4020920240930001",
        "@dcloudio/uni-shared": "3.0.0-4020920240930001",
        "@vue/shared": "3.4.21",
        "jimp": "^0.10.1",
        "licia": "^1.29.0",
        "qrcode-reader": "^1.0.4",
        "qrcode-terminal": "^0.12.0",
        "ws": "^8.4.2"
      },
      "devDependencies": {
        "@vue/compiler-core": "3.4.21"
      }
    },
    "../../node_modules/.pnpm/@dcloudio+uni-stacktracey@3.0.0-4020920240930001/node_modules/@dcloudio/uni-stacktracey": {
      "version": "3.0.0-4020920240930001",
      "dev": true,
      "license": "Apache-2.0",
      "devDependencies": {
        "@dcloudio/types": "^2.6.12"
      }
    },
    "../../node_modules/.pnpm/@dcloudio+vite-plugin-uni@3.0.0-4020920240930001_@vueuse+core@14.3.0_vue@3.5.39_typescr_e8b9bc44737b314c9cbcf019e8b431be/node_modules/@dcloudio/vite-plugin-uni": {
      "version": "3.0.0-4020920240930001",
      "dev": true,
      "license": "Apache-2.0",
      "dependencies": {
        "@babel/core": "^7.23.3",
        "@babel/plugin-syntax-import-meta": "^7.10.4",
        "@babel/plugin-transform-typescript": "^7.23.3",
        "@dcloudio/uni-cli-shared": "3.0.0-4020920240930001",
        "@dcloudio/uni-shared": "3.0.0-4020920240930001",
        "@rollup/pluginutils": "^5.0.5",
        "@vitejs/plugin-legacy": "5.3.2",
        "@vitejs/plugin-vue": "5.1.0",
        "@vitejs/plugin-vue-jsx": "3.1.0",
        "@vue/compiler-core": "3.4.21",
        "@vue/compiler-dom": "3.4.21",
        "@vue/compiler-sfc": "3.4.21",
        "@vue/shared": "3.4.21",
        "cac": "6.7.9",
        "debug": "^4.3.3",
        "estree-walker": "^2.0.2",
        "express": "^4.17.1",
        "fast-glob": "^3.2.11",
        "fs-extra": "^10.0.0",
        "hash-sum": "^2.0.0",
        "jsonc-parser": "^3.2.0",
        "magic-string": "^0.30.7",
        "picocolors": "^1.0.0",
        "terser": "^5.4.0",
        "unplugin-auto-import": "^0.16.7"
      },
      "bin": {
        "uni": "bin/uni.js"
      },
      "devDependencies": {
        "@types/debug": "^4.1.7",
        "@types/estree": "^1.0.5",
        "@types/express": "^4.17.12",
        "@types/fs-extra": "^9.0.13",
        "@types/sass": "^1.16.0",
        "@vue/babel-plugin-jsx": "^1.1.1",
        "chokidar": "^3.5.3",
        "vite": "^5.2.8",
        "vue": "3.4.21"
      },
      "engines": {
        "node": "^14.18.0 || >=16.0.0"
      },
      "peerDependencies": {
        "vite": "^5.2.8"
      }
    },
    "../../node_modules/.pnpm/@types+node@20.19.43/node_modules/@types/node": {
      "version": "20.19.43",
      "dev": true,
      "license": "MIT",
      "dependencies": {
        "undici-types": "~6.21.0"
      }
    },
    "../../node_modules/.pnpm/pinia@2.3.1_typescript@5.4.5_vue@3.5.39_typescript@5.4.5_/node_modules/pinia": {
      "version": "2.3.1",
      "license": "MIT",
      "dependencies": {
        "@vue/devtools-api": "^6.6.3",
        "vue-demi": "^0.14.10"
      },
      "devDependencies": {
        "@microsoft/api-extractor": "7.48.0",
        "@vue/test-utils": "^2.4.6"
      },
      "funding": {
        "url": "https://github.com/sponsors/posva"
      },
      "peerDependencies": {
        "typescript": ">=4.4.4",
        "vue": "^2.7.0 || ^3.5.11"
      },
      "peerDependenciesMeta": {
        "typescript": {
          "optional": true
        }
      }
    },
    "../../node_modules/.pnpm/sass@1.101.0/node_modules/sass": {
      "version": "1.101.0",
      "dev": true,
      "license": "MIT",
      "dependencies": {
        "chokidar": "^5.0.0",
        "immutable": "^5.1.5",
        "source-map-js": ">=0.6.2 <2.0.0"
      },
      "bin": {
        "sass": "sass.js"
      },
      "engines": {
        "node": ">=20.19.0"
      },
      "optionalDependencies": {
        "@parcel/watcher": "^2.4.1"
      }
    },
    "../../node_modules/.pnpm/typescript@5.4.5/node_modules/typescript": {
      "version": "5.4.5",
      "dev": true,
      "license": "Apache-2.0",
      "bin": {
        "tsc": "bin/tsc",
        "tsserver": "bin/tsserver"
      },
      "devDependencies": {
        "@esfx/canceltoken": "^1.0.0",
        "@octokit/rest": "^20.0.2",
        "@types/chai": "^4.3.11",
        "@types/glob": "^8.1.0",
        "@types/microsoft__typescript-etw": "^0.1.3",
        "@types/minimist": "^1.2.5",
        "@types/mocha": "^10.0.6",
        "@types/ms": "^0.7.34",
        "@types/node": "latest",
        "@types/source-map-support": "^0.5.10",
        "@types/which": "^3.0.3",
        "@typescript-eslint/eslint-plugin": "^6.19.0",
        "@typescript-eslint/parser": "^6.19.0",
        "@typescript-eslint/utils": "^6.19.0",
        "azure-devops-node-api": "^12.3.0",
        "c8": "^9.1.0",
        "chai": "^4.4.1",
        "chalk": "^4.1.2",
        "chokidar": "^3.5.3",
        "diff": "^5.1.0",
        "dprint": "^0.45.0",
        "esbuild": "^0.20.0",
        "eslint": "^8.56.0",
        "eslint-formatter-autolinkable-stylish": "^1.3.0",
        "eslint-plugin-local": "^3.1.0",
        "eslint-plugin-no-null": "^1.0.2",
        "eslint-plugin-simple-import-sort": "^10.0.0",
        "fast-xml-parser": "^4.3.3",
        "glob": "^10.3.10",
        "hereby": "^1.8.9",
        "jsonc-parser": "^3.2.0",
        "minimist": "^1.2.8",
        "mocha": "^10.2.0",
        "mocha-fivemat-progress-reporter": "^0.1.0",
        "ms": "^2.1.3",
        "node-fetch": "^3.3.2",
        "playwright": "^1.41.0",
        "source-map-support": "^0.5.21",
        "tslib": "^2.6.2",
        "typescript": "5.4.0-dev.20240119",
        "which": "^3.0.1"
      },
      "engines": {
        "node": ">=14.17"
      }
    },
    "../../node_modules/.pnpm/vite@5.4.21_@types+node@20.19.43_sass@1.101.0_terser@5.49.0/node_modules/vite": {
      "version": "5.4.21",
      "dev": true,
      "license": "MIT",
      "dependencies": {
        "esbuild": "^0.21.3",
        "postcss": "^8.4.43",
        "rollup": "^4.20.0"
      },
      "bin": {
        "vite": "bin/vite.js"
      },
      "devDependencies": {
        "@ampproject/remapping": "^2.3.0",
        "@babel/parser": "^7.25.6",
        "@jridgewell/trace-mapping": "^0.3.25",
        "@polka/compression": "^1.0.0-next.25",
        "@rollup/plugin-alias": "^5.1.0",
        "@rollup/plugin-commonjs": "^26.0.1",
        "@rollup/plugin-dynamic-import-vars": "^2.1.2",
        "@rollup/plugin-json": "^6.1.0",
        "@rollup/plugin-node-resolve": "15.2.3",
        "@rollup/pluginutils": "^5.1.0",
        "@types/escape-html": "^1.0.4",
        "@types/pnpapi": "^0.0.5",
        "artichokie": "^0.2.1",
        "cac": "^6.7.14",
        "chokidar": "^3.6.0",
        "connect": "^3.7.0",
        "convert-source-map": "^2.0.0",
        "cors": "^2.8.5",
        "cross-spawn": "^7.0.3",
        "debug": "^4.3.6",
        "dep-types": "link:./src/types",
        "dotenv": "^16.4.5",
        "dotenv-expand": "^11.0.6",
        "es-module-lexer": "^1.5.4",
        "escape-html": "^1.0.3",
        "estree-walker": "^3.0.3",
        "etag": "^1.8.1",
        "fast-glob": "^3.3.2",
        "http-proxy": "^1.18.1",
        "launch-editor-middleware": "^2.9.1",
        "lightningcss": "^1.26.0",
        "magic-string": "^0.30.11",
        "micromatch": "^4.0.8",
        "mlly": "^1.7.1",
        "mrmime": "^2.0.0",
        "open": "^8.4.2",
        "parse5": "^7.1.2",
        "pathe": "^1.1.2",
        "periscopic": "^4.0.2",
        "picocolors": "^1.0.1",
        "picomatch": "^2.3.1",
        "postcss-import": "^16.1.0",
        "postcss-load-config": "^4.0.2",
        "postcss-modules": "^6.0.0",
        "resolve.exports": "^2.0.2",
        "rollup-plugin-dts": "^6.1.1",
        "rollup-plugin-esbuild": "^6.1.1",
        "rollup-plugin-license": "^3.5.2",
        "sass": "^1.77.8",
        "sass-embedded": "^1.77.8",
        "sirv": "^2.0.4",
        "source-map-support": "^0.5.21",
        "strip-ansi": "^7.1.0",
        "strip-literal": "^2.1.0",
        "tsconfck": "^3.1.4",
        "tslib": "^2.7.0",
        "types": "link:./types",
        "ufo": "^1.5.4",
        "ws": "^8.18.0"
      },
      "engines": {
        "node": "^18.0.0 || >=20.0.0"
      },
      "funding": {
        "url": "https://github.com/vitejs/vite?sponsor=1"
      },
      "optionalDependencies": {
        "fsevents": "~2.3.3"
      },
      "peerDependencies": {
        "@types/node": "^18.0.0 || >=20.0.0",
        "less": "*",
        "lightningcss": "^1.21.0",
        "sass": "*",
        "sass-embedded": "*",
        "stylus": "*",
        "sugarss": "*",
        "terser": "^5.4.0"
      },
      "peerDependenciesMeta": {
        "@types/node": {
          "optional": true
        },
        "less": {
          "optional": true
        },
        "lightningcss": {
          "optional": true
        },
        "sass": {
          "optional": true
        },
        "sass-embedded": {
          "optional": true
        },
        "stylus": {
          "optional": true
        },
        "sugarss": {
          "optional": true
        },
        "terser": {
          "optional": true
        }
      }
    },
    "../../node_modules/.pnpm/vue-tsc@2.2.12_typescript@5.4.5/node_modules/vue-tsc": {
      "version": "2.2.12",
      "dev": true,
      "license": "MIT",
      "dependencies": {
        "@volar/typescript": "2.4.15",
        "@vue/language-core": "2.2.12"
      },
      "bin": {
        "vue-tsc": "bin/vue-tsc.js"
      },
      "devDependencies": {
        "@types/node": "^22.10.4"
      },
      "peerDependencies": {
        "typescript": ">=5.0.0"
      }
    },
    "../../node_modules/.pnpm/vue@3.5.39_typescript@5.4.5/node_modules/vue": {
      "version": "3.5.39",
      "license": "MIT",
      "dependencies": {
        "@vue/compiler-dom": "3.5.39",
        "@vue/compiler-sfc": "3.5.39",
        "@vue/runtime-dom": "3.5.39",
        "@vue/server-renderer": "3.5.39",
        "@vue/shared": "3.5.39"
      },
      "peerDependencies": {
        "typescript": "*"
      },
      "peerDependenciesMeta": {
        "typescript": {
          "optional": true
        }
      }
    },
    "node_modules/@dcloudio/types": {
      "resolved": "../../node_modules/.pnpm/@dcloudio+types@3.4.32/node_modules/@dcloudio/types",
      "link": true
    },
    "node_modules/@dcloudio/uni-app": {
      "resolved": "../../node_modules/.pnpm/@dcloudio+uni-app@3.0.0-4020920240930001_@dcloudio+types@3.4.32_@vueuse+core@14.3.0_vue_af6145d14a3cbedf242f90aa870105ef/node_modules/@dcloudio/uni-app",
      "link": true
    },
    "node_modules/@dcloudio/uni-automator": {
      "resolved": "../../node_modules/.pnpm/@dcloudio+uni-automator@3.0.0-4020920240930001_@vueuse+core@14.3.0_vue@3.5.39_typescrip_361d9bc1595357c2feb6571a60214d9b/node_modules/@dcloudio/uni-automator",
      "link": true
    },
    "node_modules/@dcloudio/uni-cli-shared": {
      "resolved": "../../node_modules/.pnpm/@dcloudio+uni-cli-shared@3.0.0-4020920240930001_@vueuse+core@14.3.0_vue@3.5.39_typescri_da6356379aacb3e6a9fec9867d008aef/node_modules/@dcloudio/uni-cli-shared",
      "link": true
    },
    "node_modules/@dcloudio/uni-components": {
      "resolved": "../../node_modules/.pnpm/@dcloudio+uni-components@3.0.0-4020920240930001_@vueuse+core@14.3.0_vue@3.5.39_typescri_1045e03ddc79358b769406051e7e7a3f/node_modules/@dcloudio/uni-components",
      "link": true
    },
    "node_modules/@dcloudio/uni-h5": {
      "resolved": "../../node_modules/.pnpm/@dcloudio+uni-h5@3.0.0-4020920240930001_@vueuse+core@14.3.0_vue@3.5.39_typescript@5.4.5_ef5e73b91830021a6c2275c20227f36b/node_modules/@dcloudio/uni-h5",
      "link": true
    },
    "node_modules/@dcloudio/uni-mp-weixin": {
      "resolved": "../../node_modules/.pnpm/@dcloudio+uni-mp-weixin@3.0.0-4020920240930001_@vueuse+core@14.3.0_vue@3.5.39_typescrip_d1b0c88ab56965b9807d2bb9be0c8ff3/node_modules/@dcloudio/uni-mp-weixin",
      "link": true
    },
    "node_modules/@dcloudio/uni-stacktracey": {
      "resolved": "../../node_modules/.pnpm/@dcloudio+uni-stacktracey@3.0.0-4020920240930001/node_modules/@dcloudio/uni-stacktracey",
      "link": true
    },
    "node_modules/@dcloudio/vite-plugin-uni": {
      "resolved": "../../node_modules/.pnpm/@dcloudio+vite-plugin-uni@3.0.0-4020920240930001_@vueuse+core@14.3.0_vue@3.5.39_typescr_e8b9bc44737b314c9cbcf019e8b431be/node_modules/@dcloudio/vite-plugin-uni",
      "link": true
    },
    "node_modules/@types/node": {
      "resolved": "../../node_modules/.pnpm/@types+node@20.19.43/node_modules/@types/node",
      "link": true
    },
    "node_modules/pinia": {
      "resolved": "../../node_modules/.pnpm/pinia@2.3.1_typescript@5.4.5_vue@3.5.39_typescript@5.4.5_/node_modules/pinia",
      "link": true
    },
    "node_modules/sass": {
      "resolved": "../../node_modules/.pnpm/sass@1.101.0/node_modules/sass",
      "link": true
    },
    "node_modules/typescript": {
      "resolved": "../../node_modules/.pnpm/typescript@5.4.5/node_modules/typescript",
      "link": true
    },
    "node_modules/vite": {
      "resolved": "../../node_modules/.pnpm/vite@5.4.21_@types+node@20.19.43_sass@1.101.0_terser@5.49.0/node_modules/vite",
      "link": true
    },
    "node_modules/vue": {
      "resolved": "../../node_modules/.pnpm/vue@3.5.39_typescript@5.4.5/node_modules/vue",
      "link": true
    },
    "node_modules/vue-tsc": {
      "resolved": "../../node_modules/.pnpm/vue-tsc@2.2.12_typescript@5.4.5/node_modules/vue-tsc",
      "link": true
    }
  }
}
